// !$*UTF8*$!
{
	archiveVersion = 1;
	classes = {
	};
	objectVersion = 50;
	objects = {

/* Begin PBXBuildFile section */
		E334E0D52123C7E0000EB8F5 /* AppDelegate.m in Sources */ = {isa = PBXBuildFile; fileRef = E334E0D42123C7E0000EB8F5 /* AppDelegate.m */; };
		E334E0D82123C7E0000EB8F5 /* ViewController.m in Sources */ = {isa = PBXBuildFile; fileRef = E334E0D72123C7E0000EB8F5 /* ViewController.m */; };
		E334E0DB2123C7E0000EB8F5 /* Main.storyboard in Resources */ = {isa = PBXBuildFile; fileRef = E334E0D92123C7E0000EB8F5 /* Main.storyboard */; };
		E334E0DE2123C7E0000EB8F5 /* wwec.xcdatamodeld in Sources */ = {isa = PBXBuildFile; fileRef = E334E0DC2123C7E0000EB8F5 /* wwec.xcdatamodeld */; };
		E334E0E02123C7E7000EB8F5 /* Assets.xcassets in Resources */ = {isa = PBXBuildFile; fileRef = E334E0DF2123C7E7000EB8F5 /* Assets.xcassets */; };
		E334E0E32123C7E7000EB8F5 /* LaunchScreen.storyboard in Resources */ = {isa = PBXBuildFile; fileRef = E334E0E12123C7E7000EB8F5 /* LaunchScreen.storyboard */; };
		E334E0E62123C7E7000EB8F5 /* main.m in Sources */ = {isa = PBXBuildFile; fileRef = E334E0E52123C7E7000EB8F5 /* main.m */; };
		E334E0EF2123CBB7000EB8F5 /* web in Resources */ = {isa = PBXBuildFile; fileRef = E334E0EE2123CBB7000EB8F5 /* web */; };
		E3380DD221257AD900725C28 /* SWQRCodeConfig.m in Sources */ = {isa = PBXBuildFile; fileRef = E3380DC921257AD900725C28 /* SWQRCodeConfig.m */; };
		E3380DD321257AD900725C28 /* SWQRCodeManager.m in Sources */ = {isa = PBXBuildFile; fileRef = E3380DCB21257AD900725C28 /* SWQRCodeManager.m */; };
		E3380DD421257AD900725C28 /* SWQRCode.bundle in Resources */ = {isa = PBXBuildFile; fileRef = E3380DCC21257AD900725C28 /* SWQRCode.bundle */; };
		E3380DD521257AD900725C28 /* SWQRCodeViewController.m in Sources */ = {isa = PBXBuildFile; fileRef = E3380DCE21257AD900725C28 /* SWQRCodeViewController.m */; };
		E3380DD621257AD900725C28 /* SWScannerView.m in Sources */ = {isa = PBXBuildFile; fileRef = E3380DD121257AD900725C28 /* SWScannerView.m */; };
		E344EDCA2125103F00672F9A /* Photos.framework in Frameworks */ = {isa = PBXBuildFile; fileRef = E344EDC92125103F00672F9A /* Photos.framework */; };
/* End PBXBuildFile section */

/* Begin PBXFileReference section */
		E334E0D02123C7E0000EB8F5 /* wwec.app */ = {isa = PBXFileReference; explicitFileType = wrapper.application; includeInIndex = 0; path = wwec.app; sourceTree = BUILT_PRODUCTS_DIR; };
		E334E0D32123C7E0000EB8F5 /* AppDelegate.h */ = {isa = PBXFileReference; lastKnownFileType = sourcecode.c.h; path = AppDelegate.h; sourceTree = "<group>"; };
		E334E0D42123C7E0000EB8F5 /* AppDelegate.m */ = {isa = PBXFileReference; lastKnownFileType = sourcecode.c.objc; path = AppDelegate.m; sourceTree = "<group>"; };
		E334E0D62123C7E0000EB8F5 /* ViewController.h */ = {isa = PBXFileReference; lastKnownFileType = sourcecode.c.h; path = ViewController.h; sourceTree = "<group>"; };
		E334E0D72123C7E0000EB8F5 /* ViewController.m */ = {isa = PBXFileReference; lastKnownFileType = sourcecode.c.objc; path = ViewController.m; sourceTree = "<group>"; };
		E334E0DA2123C7E0000EB8F5 /* Base */ = {isa = PBXFileReference; lastKnownFileType = file.storyboard; name = Base; path = Base.lproj/Main.storyboard; sourceTree = "<group>"; };
		E334E0DD2123C7E0000EB8F5 /* wwec.xcdatamodel */ = {isa = PBXFileReference; lastKnownFileType = wrapper.xcdatamodel; path = wwec.xcdatamodel; sourceTree = "<group>"; };
		E334E0DF2123C7E7000EB8F5 /* Assets.xcassets */ = {isa = PBXFileReference; lastKnownFileType = folder.assetcatalog; path = Assets.xcassets; sourceTree = "<group>"; };
		E334E0E22123C7E7000EB8F5 /* Base */ = {isa = PBXFileReference; lastKnownFileType = file.storyboard; name = Base; path = Base.lproj/LaunchScreen.storyboard; sourceTree = "<group>"; };
		E334E0E42123C7E7000EB8F5 /* Info.plist */ = {isa = PBXFileReference; lastKnownFileType = text.plist.xml; path = Info.plist; sourceTree = "<group>"; };
		E334E0E52123C7E7000EB8F5 /* main.m */ = {isa = PBXFileReference; lastKnownFileType = sourcecode.c.objc; path = main.m; sourceTree = "<group>"; };
		E334E0EE2123CBB7000EB8F5 /* web */ = {isa = PBXFileReference; lastKnownFileType = folder; name = web; path = ../../../web; sourceTree = "<group>"; };
		E3380DC721257AD900725C28 /* SWQRCode.h */ = {isa = PBXFileReference; fileEncoding = 4; lastKnownFileType = sourcecode.c.h; path = SWQRCode.h; sourceTree = "<group>"; };
		E3380DC821257AD900725C28 /* SWQRCodeConfig.h */ = {isa = PBXFileReference; fileEncoding = 4; lastKnownFileType = sourcecode.c.h; path = SWQRCodeConfig.h; sourceTree = "<group>"; };
		E3380DC921257AD900725C28 /* SWQRCodeConfig.m */ = {isa = PBXFileReference; fileEncoding = 4; lastKnownFileType = sourcecode.c.objc; path = SWQRCodeConfig.m; sourceTree = "<group>"; };
		E3380DCA21257AD900725C28 /* SWQRCodeManager.h */ = {isa = PBXFileReference; fileEncoding = 4; lastKnownFileType = sourcecode.c.h; path = SWQRCodeManager.h; sourceTree = "<group>"; };
		E3380DCB21257AD900725C28 /* SWQRCodeManager.m */ = {isa = PBXFileReference; fileEncoding = 4; lastKnownFileType = sourcecode.c.objc; path = SWQRCodeManager.m; sourceTree = "<group>"; };
		E3380DCC21257AD900725C28 /* SWQRCode.bundle */ = {isa = PBXFileReference; lastKnownFileType = "wrapper.plug-in"; path = SWQRCode.bundle; sourceTree = "<group>"; };
		E3380DCD21257AD900725C28 /* SWQRCodeViewController.h */ = {isa = PBXFileReference; fileEncoding = 4; lastKnownFileType = sourcecode.c.h; path = SWQRCodeViewController.h; sourceTree = "<group>"; };
		E3380DCE21257AD900725C28 /* SWQRCodeViewController.m */ = {isa = PBXFileReference; fileEncoding = 4; lastKnownFileType = sourcecode.c.objc; path = SWQRCodeViewController.m; sourceTree = "<group>"; };
		E3380DD021257AD900725C28 /* SWScannerView.h */ = {isa = PBXFileReference; fileEncoding = 4; lastKnownFileType = sourcecode.c.h; path = SWScannerView.h; sourceTree = "<group>"; };
		E3380DD121257AD900725C28 /* SWScannerView.m */ = {isa = PBXFileReference; fileEncoding = 4; lastKnownFileType = sourcecode.c.objc; path = SWScannerView.m; sourceTree = "<group>"; };
		E344EDC721250F8600672F9A /* CoreTelephony.framework */ = {isa = PBXFileReference; lastKnownFileType = wrapper.framework; name = CoreTelephony.framework; path = System/Library/Frameworks/CoreTelephony.framework; sourceTree = SDKROOT; };
		E344EDC92125103F00672F9A /* Photos.framework */ = {isa = PBXFileReference; lastKnownFileType = wrapper.framework; name = Photos.framework; path = System/Library/Frameworks/Photos.framework; sourceTree = SDKROOT; };
/* End PBXFileReference section */

/* Begin PBXFrameworksBuildPhase section */
		E334E0CD2123C7E0000EB8F5 /* Frameworks */ = {
			isa = PBXFrameworksBuildPhase;
			buildActionMask = 2147483647;
			files = (
				E344EDCA2125103F00672F9A /* Photos.framework in Frameworks */,
			);
			runOnlyForDeploymentPostprocessing = 0;
		};
/* End PBXFrameworksBuildPhase section */

/* Begin PBXGroup section */
		E334E0C72123C7E0000EB8F5 = {
			isa = PBXGroup;
			children = (
				E3380DC521257AD900725C28 /* SWQRCode */,
				E3380DB821252D0300725C28 /* img */,
				E334E0EE2123CBB7000EB8F5 /* web */,
				E334E0D22123C7E0000EB8F5 /* wwec */,
				E334E0D12123C7E0000EB8F5 /* Products */,
				E344EDC621250F8500672F9A /* Frameworks */,
			);
			sourceTree = "<group>";
		};
		E334E0D12123C7E0000EB8F5 /* Products */ = {
			isa = PBXGroup;
			children = (
				E334E0D02123C7E0000EB8F5 /* wwec.app */,
			);
			name = Products;
			sourceTree = "<group>";
		};
		E334E0D22123C7E0000EB8F5 /* wwec */ = {
			isa = PBXGroup;
			children = (
				E334E0D32123C7E0000EB8F5 /* AppDelegate.h */,
				E334E0D42123C7E0000EB8F5 /* AppDelegate.m */,
				E334E0D62123C7E0000EB8F5 /* ViewController.h */,
				E334E0D72123C7E0000EB8F5 /* ViewController.m */,
				E334E0D92123C7E0000EB8F5 /* Main.storyboard */,
				E334E0DF2123C7E7000EB8F5 /* Assets.xcassets */,
				E334E0E12123C7E7000EB8F5 /* LaunchScreen.storyboard */,
				E334E0E42123C7E7000EB8F5 /* Info.plist */,
				E334E0E52123C7E7000EB8F5 /* main.m */,
				E334E0DC2123C7E0000EB8F5 /* wwec.xcdatamodeld */,
			);
			path = wwec;
			sourceTree = "<group>";
		};
		E3380DB821252D0300725C28 /* img */ = {
			isa = PBXGroup;
			children = (
			);
			name = img;
			path = ../../../img;
			sourceTree = "<group>";
		};
		E3380DC521257AD900725C28 /* SWQRCode */ = {
			isa = PBXGroup;
			children = (
				E3380DC621257AD900725C28 /* Config */,
				E3380DCC21257AD900725C28 /* SWQRCode.bundle */,
				E3380DCD21257AD900725C28 /* SWQRCodeViewController.h */,
				E3380DCE21257AD900725C28 /* SWQRCodeViewController.m */,
				E3380DCF21257AD900725C28 /* View */,
			);
			path = SWQRCode;
			sourceTree = "<group>";
		};
		E3380DC621257AD900725C28 /* Config */ = {
			isa = PBXGroup;
			children = (
				E3380DC721257AD900725C28 /* SWQRCode.h */,
				E3380DC821257AD900725C28 /* SWQRCodeConfig.h */,
				E3380DC921257AD900725C28 /* SWQRCodeConfig.m */,
				E3380DCA21257AD900725C28 /* SWQRCodeManager.h */,
				E3380DCB21257AD900725C28 /* SWQRCodeManager.m */,
			);
			path = Config;
			sourceTree = "<group>";
		};
		E3380DCF21257AD900725C28 /* View */ = {
			isa = PBXGroup;
			children = (
				E3380DD021257AD900725C28 /* SWScannerView.h */,
				E3380DD121257AD900725C28 /* SWScannerView.m */,
			);
			path = View;
			sourceTree = "<group>";
		};
		E344EDC621250F8500672F9A /* Frameworks */ = {
			isa = PBXGroup;
			children = (
				E344EDC92125103F00672F9A /* Photos.framework */,
				E344EDC721250F8600672F9A /* CoreTelephony.framework */,
			);
			name = Frameworks;
			sourceTree = "<group>";
		};
/* End PBXGroup section */

/* Begin PBXNativeTarget section */
		E334E0CF2123C7E0000EB8F5 /* wwec */ = {
			isa = PBXNativeTarget;
			buildConfigurationList = E334E0E92123C7E7000EB8F5 /* Build configuration list for PBXNativeTarget "wwec" */;
			buildPhases = (
				E334E0CC2123C7E0000EB8F5 /* Sources */,
				E334E0CD2123C7E0000EB8F5 /* Frameworks */,
				E334E0CE2123C7E0000EB8F5 /* Resources */,
			);
			buildRules = (
			);
			dependencies = (
			);
			name = wwec;
			productName = wwec;
			productReference = E334E0D02123C7E0000EB8F5 /* wwec.app */;
			productType = "com.apple.product-type.application";
		};
/* End PBXNativeTarget section */

/* Begin PBXProject section */
		E334E0C82123C7E0000EB8F5 /* Project object */ = {
			isa = PBXProject;
			attributes = {
				LastUpgradeCheck = 0940;
				ORGANIZATIONNAME = CQYH;
				TargetAttributes = {
					E334E0CF2123C7E0000EB8F5 = {
						CreatedOnToolsVersion = 9.4.1;
					};
				};
			};
			buildConfigurationList = E334E0CB2123C7E0000EB8F5 /* Build configuration list for PBXProject "wwec" */;
			compatibilityVersion = "Xcode 9.3";
			developmentRegion = en;
			hasScannedForEncodings = 0;
			knownRegions = (
				en,
				Base,
			);
			mainGroup = E334E0C72123C7E0000EB8F5;
			productRefGroup = E334E0D12123C7E0000EB8F5 /* Products */;
			projectDirPath = "";
			projectRoot = "";
			targets = (
				E334E0CF2123C7E0000EB8F5 /* wwec */,
			);
		};
/* End PBXProject section */

/* Begin PBXResourcesBuildPhase section */
		E334E0CE2123C7E0000EB8F5 /* Resources */ = {
			isa = PBXResourcesBuildPhase;
			buildActionMask = 2147483647;
			files = (
				E3380DD421257AD900725C28 /* SWQRCode.bundle in Resources */,
				E334E0E32123C7E7000EB8F5 /* LaunchScreen.storyboard in Resources */,
				E334E0EF2123CBB7000EB8F5 /* web in Resources */,
				E334E0E02123C7E7000EB8F5 /* Assets.xcassets in Resources */,
				E334E0DB2123C7E0000EB8F5 /* Main.storyboard in Resources */,
			);
			runOnlyForDeploymentPostprocessing = 0;
		};
/* End PBXResourcesBuildPhase section */

/* Begin PBXSourcesBuildPhase section */
		E334E0CC2123C7E0000EB8F5 /* Sources */ = {
			isa = PBXSourcesBuildPhase;
			buildActionMask = 2147483647;
			files = (
				E334E0D82123C7E0000EB8F5 /* ViewController.m in Sources */,
				E334E0DE2123C7E0000EB8F5 /* wwec.xcdatamodeld in Sources */,
				E334E0E62123C7E7000EB8F5 /* main.m in Sources */,
				E3380DD221257AD900725C28 /* SWQRCodeConfig.m in Sources */,
				E3380DD621257AD900725C28 /* SWScannerView.m in Sources */,
				E3380DD321257AD900725C28 /* SWQRCodeManager.m in Sources */,
				E334E0D52123C7E0000EB8F5 /* AppDelegate.m in Sources */,
				E3380DD521257AD900725C28 /* SWQRCodeViewController.m in Sources */,
			);
			runOnlyForDeploymentPostprocessing = 0;
		};
/* End PBXSourcesBuildPhase section */

/* Begin PBXVariantGroup section */
		E334E0D92123C7E0000EB8F5 /* Main.storyboard */ = {
			isa = PBXVariantGroup;
			children = (
				E334E0DA2123C7E0000EB8F5 /* Base */,
			);
			name = Main.storyboard;
			sourceTree = "<group>";
		};
		E334E0E12123C7E7000EB8F5 /* LaunchScreen.storyboard */ = {
			isa = PBXVariantGroup;
			children = (
				E334E0E22123C7E7000EB8F5 /* Base */,
			);
			name = LaunchScreen.storyboard;
			sourceTree = "<group>";
		};
/* End PBXVariantGroup section */

/* Begin XCBuildConfiguration section */
		E334E0E72123C7E7000EB8F5 /* Debug */ = {
			isa = XCBuildConfiguration;
			buildSettings = {
				ALWAYS_SEARCH_USER_PATHS = NO;
				CLANG_ANALYZER_NONNULL = YES;
				CLANG_ANALYZER_NUMBER_OBJECT_CONVERSION = YES_AGGRESSIVE;
				CLANG_CXX_LANGUAGE_STANDARD = "gnu++14";
				CLANG_CXX_LIBRARY = "libc++";
				CLANG_ENABLE_MODULES = YES;
				CLANG_ENABLE_OBJC_ARC = YES;
				CLANG_ENABLE_OBJC_WEAK = YES;
				CLANG_WARN_BLOCK_CAPTURE_AUTORELEASING = YES;
				CLANG_WARN_BOOL_CONVERSION = YES;
				CLANG_WARN_COMMA = YES;
				CLANG_WARN_CONSTANT_CONVERSION = YES;
				CLANG_WARN_DEPRECATED_OBJC_IMPLEMENTATIONS = YES;
				CLANG_WARN_DIRECT_OBJC_ISA_USAGE = YES_ERROR;
				CLANG_WARN_DOCUMENTATION_COMMENTS = YES;
				CLANG_WARN_EMPTY_BODY = YES;
				CLANG_WARN_ENUM_CONVERSION = YES;
				CLANG_WARN_INFINITE_RECURSION = YES;
				CLANG_WARN_INT_CONVERSION = YES;
				CLANG_WARN_NON_LITERAL_NULL_CONVERSION = YES;
				CLANG_WARN_OBJC_IMPLICIT_RETAIN_SELF = YES;
				CLANG_WARN_OBJC_LITERAL_CONVERSION = YES;
				CLANG_WARN_OBJC_ROOT_CLASS = YES_ERROR;
				CLANG_WARN_RANGE_LOOP_ANALYSIS = YES;
				CLANG_WARN_STRICT_PROTOTYPES = YES;
				CLANG_WARN_SUSPICIOUS_MOVE = YES;
				CLANG_WARN_UNGUARDED_AVAILABILITY = YES_AGGRESSIVE;
				CLANG_WARN_UNREACHABLE_CODE = YES;
				CLANG_WARN__DUPLICATE_METHOD_MATCH = YES;
				CODE_SIGN_IDENTITY = "iPhone Developer";
				COPY_PHASE_STRIP = NO;
				DEBUG_INFORMATION_FORMAT = dwarf;
				ENABLE_STRICT_OBJC_MSGSEND = YES;
				ENABLE_TESTABILITY = YES;
				GCC_C_LANGUAGE_STANDARD = gnu11;
				GCC_DYNAMIC_NO_PIC = NO;
				GCC_NO_COMMON_BLOCKS = YES;
				GCC_OPTIMIZATION_LEVEL = 0;
				GCC_PREPROCESSOR_DEFINITIONS = (
					"DEBUG=1",
					"$(inherited)",
				);
				GCC_WARN_64_TO_32_BIT_CONVERSION = YES;
				GCC_WARN_ABOUT_RETURN_TYPE = YES_ERROR;
				GCC_WARN_UNDECLARED_SELECTOR = YES;
				GCC_WARN_UNINITIALIZED_AUTOS = YES_AGGRESSIVE;
				GCC_WARN_UNUSED_FUNCTION = YES;
				GCC_WARN_UNUSED_VARIABLE = YES;
				IPHONEOS_DEPLOYMENT_TARGET = 11.4;
				MTL_ENABLE_DEBUG_INFO = YES;
				ONLY_ACTIVE_ARCH = YES;
				SDKROOT = iphoneos;
			};
			name = Debug;
		};
		E334E0E82123C7E7000EB8F5 /* Release */ = {
			isa = XCBuildConfiguration;
			buildSettings = {
				ALWAYS_SEARCH_USER_PATHS = NO;
				CLANG_ANALYZER_NONNULL = YES;
				CLANG_ANALYZER_NUMBER_OBJECT_CONVERSION = YES_AGGRESSIVE;
				CLANG_CXX_LANGUAGE_STANDARD = "gnu++14";
				CLANG_CXX_LIBRARY = "libc++";
				CLANG_ENABLE_MODULES = YES;
				CLANG_ENABLE_OBJC_ARC = YES;
				CLANG_ENABLE_OBJC_WEAK = YES;
				CLANG_WARN_BLOCK_CAPTURE_AUTORELEASING = YES;
				CLANG_WARN_BOOL_CONVERSION = YES;
				CLANG_WARN_COMMA = YES;
				CLANG_WARN_CONSTANT_CONVERSION = YES;
				CLANG_WARN_DEPRECATED_OBJC_IMPLEMENTATIONS = YES;
				CLANG_WARN_DIRECT_OBJC_ISA_USAGE = YES_ERROR;
				CLANG_WARN_DOCUMENTATION_COMMENTS = YES;
				CLANG_WARN_EMPTY_BODY = YES;
				CLANG_WARN_ENUM_CONVERSION = YES;
				CLANG_WARN_INFINITE_RECURSION = YES;
				CLANG_WARN_INT_CONVERSION = YES;
				CLANG_WARN_NON_LITERAL_NULL_CONVERSION = YES;
				CLANG_WARN_OBJC_IMPLICIT_RETAIN_SELF = YES;
				CLANG_WARN_OBJC_LITERAL_CONVERSION = YES;
				CLANG_WARN_OBJC_ROOT_CLASS = YES_ERROR;
				CLANG_WARN_RANGE_LOOP_ANALYSIS = YES;
				CLANG_WARN_STRICT_PROTOTYPES = YES;
				CLANG_WARN_SUSPICIOUS_MOVE = YES;
				CLANG_WARN_UNGUARDED_AVAILABILITY = YES_AGGRESSIVE;
				CLANG_WARN_UNREACHABLE_CODE = YES;
				CLANG_WARN__DUPLICATE_METHOD_MATCH = YES;
				CODE_SIGN_IDENTITY = "iPhone Developer";
				COPY_PHASE_STRIP = NO;
				DEBUG_INFORMATION_FORMAT = "dwarf-with-dsym";
				ENABLE_NS_ASSERTIONS = NO;
				ENABLE_STRICT_OBJC_MSGSEND = YES;
				GCC_C_LANGUAGE_STANDARD = gnu11;
				GCC_NO_COMMON_BLOCKS = YES;
				GCC_WARN_64_TO_32_BIT_CONVERSION = YES;
				GCC_WARN_ABOUT_RETURN_TYPE = YES_ERROR;
				GCC_WARN_UNDECLARED_SELECTOR = YES;
				GCC_WARN_UNINITIALIZED_AUTOS = YES_AGGRESSIVE;
				GCC_WARN_UNUSED_FUNCTION = YES;
				GCC_WARN_UNUSED_VARIABLE = YES;
				IPHONEOS_DEPLOYMENT_TARGET = 11.4;
				MTL_ENABLE_DEBUG_INFO = NO;
				SDKROOT = iphoneos;
				VALIDATE_PRODUCT = YES;
			};
			name = Release;
		};
		E334E0EA2123C7E7000EB8F5 /* Debug */ = {
			isa = XCBuildConfiguration;
			buildSettings = {
				ASSETCATALOG_COMPILER_APPICON_NAME = AppIcon;
				ASSETCATALOG_COMPILER_LAUNCHIMAGE_NAME = LaunchImage;
				CODE_SIGN_STYLE = Automatic;
				DEVELOPMENT_TEAM = 3L79AZ68B4;
				INFOPLIST_FILE = wwec/Info.plist;
				IPHONEOS_DEPLOYMENT_TARGET = 8.0;
				LD_RUNPATH_SEARCH_PATHS = (
					"$(inherited)",
					"@executable_path/Frameworks",
				);
				PRODUCT_BUNDLE_IDENTIFIER = com.top.wwec;
				PRODUCT_NAME = "$(TARGET_NAME)";
				TARGETED_DEVICE_FAMILY = "1,2";
			};
			name = Debug;
		};
		E334E0EB2123C7E7000EB8F5 /* Release */ = {
			isa = XCBuildConfiguration;
			buildSettings = {
				ASSETCATALOG_COMPILER_APPICON_NAME = AppIcon;
				ASSETCATALOG_COMPILER_LAUNCHIMAGE_NAME = LaunchImage;
				CODE_SIGN_STYLE = Automatic;
				DEVELOPMENT_TEAM = 3L79AZ68B4;
				INFOPLIST_FILE = wwec/Info.plist;
				IPHONEOS_DEPLOYMENT_TARGET = 8.0;
				LD_RUNPATH_SEARCH_PATHS = (
					"$(inherited)",
					"@executable_path/Frameworks",
				);
				PRODUCT_BUNDLE_IDENTIFIER = com.top.wwec;
				PRODUCT_NAME = "$(TARGET_NAME)";
				TARGETED_DEVICE_FAMILY = "1,2";
			};
			name = Release;
		};
/* End XCBuildConfiguration section */

/* Begin XCConfigurationList section */
		E334E0CB2123C7E0000EB8F5 /* Build configuration list for PBXProject "wwec" */ = {
			isa = XCConfigurationList;
			buildConfigurations = (
				E334E0E72123C7E7000EB8F5 /* Debug */,
				E334E0E82123C7E7000EB8F5 /* Release */,
			);
			defaultConfigurationIsVisible = 0;
			defaultConfigurationName = Release;
		};
		E334E0E92123C7E7000EB8F5 /* Build configuration list for PBXNativeTarget "wwec" */ = {
			isa = XCConfigurationList;
			buildConfigurations = (
				E334E0EA2123C7E7000EB8F5 /* Debug */,
				E334E0EB2123C7E7000EB8F5 /* Release */,
			);
			defaultConfigurationIsVisible = 0;
			defaultConfigurationName = Release;
		};
/* End XCConfigurationList section */

/* Begin XCVersionGroup section */
		E334E0DC2123C7E0000EB8F5 /* wwec.xcdatamodeld */ = {
			isa = XCVersionGroup;
			children = (
				E334E0DD2123C7E0000EB8F5 /* wwec.xcdatamodel */,
			);
			currentVersion = E334E0DD2123C7E0000EB8F5 /* wwec.xcdatamodel */;
			path = wwec.xcdatamodeld;
			sourceTree = "<group>";
			versionGroupType = wrapper.xcdatamodel;
		};
/* End XCVersionGroup section */
	};
	rootObject = E334E0C82123C7E0000EB8F5 /* Project object */;
}
