// !$*UTF8*$!
{
	archiveVersion = 1;
	classes = {
	};
	objectVersion = 50;
	objects = {

/* Begin PBXBuildFile section */
		E334E0D52123C7E0000EB8F5 /* AppDelegate.m in Sources */ = {isa = PBXBuildFile; fileRef = E334E0D42123C7E0000EB8F5 /* AppDelegate.m */; };
		E334E0D82123C7E0000EB8F5 /* ViewController.m in Sources */ = {isa = PBXBuildFile; fileRef = E334E0D72123C7E0000EB8F5 /* ViewController.m */; };
		E334E0DB2123C7E0000EB8F5 /* Main.storyboard in Resources */ = {isa = PBXBuildFile; fileRef = E334E0D92123C7E0000EB8F5 /* Main.storyboard */; };
		E334E0DE2123C7E0000EB8F5 /* wwec.xcdatamodeld in Sources */ = {isa = PBXBuildFile; fileRef = E334E0DC2123C7E0000EB8F5 /* wwec.xcdatamodeld */; };
		E334E0E02123C7E7000EB8F5 /* Assets.xcassets in Resources */ = {isa = PBXBuildFile; fileRef = E334E0DF2123C7E7000EB8F5 /* Assets.xcassets */; };
		E334E0E32123C7E7000EB8F5 /* LaunchScreen.storyboard in Resources */ = {isa = PBXBuildFile; fileRef = E334E0E12123C7E7000EB8F5 /* LaunchScreen.storyboard */; };
		E334E0E62123C7E7000EB8F5 /* main.m in Sources */ = {isa = PBXBuildFile; fileRef = E334E0E52123C7E7000EB8F5 /* main.m */; };
		E334E0EF2123CBB7000EB8F5 /* web in Resources */ = {isa = PBXBuildFile; fileRef = E334E0EE2123CBB7000EB8F5 /* web */; };
		E3380DD221257AD900725C28 /* SWQRCodeConfig.m in Sources */ = {isa = PBXBuildFile; fileRef = E3380DC921257AD900725C28 /* SWQRCodeConfig.m */; };
		E3380DD321257AD900725C28 /* SWQRCodeManager.m in Sources */ = {isa = PBXBuildFile; fileRef = E3380DCB21257AD900725C28 /* SWQRCodeManager.m */; };
		E3380DD421257AD900725C28 /* SWQRCode.bundle in Resources */ = {isa = PBXBuildFile; fileRef = E3380DCC21257AD900725C28 /* SWQRCode.bundle */; };
		E3380DD521257AD900725C28 /* SWQRCodeViewController.m in Sources */ = {isa = PBXBuildFile; fileRef = E3380DCE21257AD900725C28 /* SWQRCodeViewController.m */; };
		E3380DD621257AD900725C28 /* SWScannerView.m in Sources */ = {isa = PBXBuildFile; fileRef = E3380DD121257AD900725C28 /* SWScannerView.m */; };
		E344EDCA2125103F00672F9A /* Photos.framework in Frameworks */ = {isa = PBXBuildFile; fileRef = E344EDC92125103F00672F9A /* Photos.framework */; };
		E35CF187212A6E9100ED6A0A /* Device.m in Sources */ = {isa = PBXBuildFile; fileRef = E35CF180212A6E9100ED6A0A /* Device.m */; };
		E35CF188212A6E9100ED6A0A /* DownLoad.m in Sources */ = {isa = PBXBuildFile; fileRef = E35CF182212A6E9100ED6A0A /* DownLoad.m */; };
		E35CF189212A6E9100ED6A0A /* FileUtil.m in Sources */ = {isa = PBXBuildFile; fileRef = E35CF184212A6E9100ED6A0A /* FileUtil.m */; };
		E35CF18A212A6E9100ED6A0A /* Util.m in Sources */ = {isa = PBXBuildFile; fileRef = E35CF186212A6E9100ED6A0A /* Util.m */; };
		E35CF1CD212A70A000ED6A0A /* Info.plist in Resources */ = {isa = PBXBuildFile; fileRef = E35CF1A4212A709F00ED6A0A /* Info.plist */; };
		E35CF1CE212A70A000ED6A0A /* aes_ni.c in Sources */ = {isa = PBXBuildFile; fileRef = E35CF1A8212A709F00ED6A0A /* aes_ni.c */; };
		E35CF1CF212A70A000ED6A0A /* aescrypt.c in Sources */ = {isa = PBXBuildFile; fileRef = E35CF1AA212A709F00ED6A0A /* aescrypt.c */; };
		E35CF1D0212A70A000ED6A0A /* aeskey.c in Sources */ = {isa = PBXBuildFile; fileRef = E35CF1AB212A709F00ED6A0A /* aeskey.c */; };
		E35CF1D1212A70A000ED6A0A /* aestab.c in Sources */ = {isa = PBXBuildFile; fileRef = E35CF1AD212A709F00ED6A0A /* aestab.c */; };
		E35CF1D2212A70A000ED6A0A /* fileenc.c in Sources */ = {isa = PBXBuildFile; fileRef = E35CF1B1212A709F00ED6A0A /* fileenc.c */; };
		E35CF1D3212A70A000ED6A0A /* hmac.c in Sources */ = {isa = PBXBuildFile; fileRef = E35CF1B3212A709F00ED6A0A /* hmac.c */; };
		E35CF1D4212A70A000ED6A0A /* prng.c in Sources */ = {isa = PBXBuildFile; fileRef = E35CF1B5212A709F00ED6A0A /* prng.c */; };
		E35CF1D5212A70A000ED6A0A /* pwd2key.c in Sources */ = {isa = PBXBuildFile; fileRef = E35CF1B7212A709F00ED6A0A /* pwd2key.c */; };
		E35CF1D6212A70A000ED6A0A /* sha1.c in Sources */ = {isa = PBXBuildFile; fileRef = E35CF1B9212A709F00ED6A0A /* sha1.c */; };
		E35CF1D7212A70A000ED6A0A /* crypt.c in Sources */ = {isa = PBXBuildFile; fileRef = E35CF1BB212A709F00ED6A0A /* crypt.c */; };
		E35CF1D8212A70A000ED6A0A /* ioapi.c in Sources */ = {isa = PBXBuildFile; fileRef = E35CF1BD212A709F00ED6A0A /* ioapi.c */; };
		E35CF1D9212A70A000ED6A0A /* ioapi_buf.c in Sources */ = {isa = PBXBuildFile; fileRef = E35CF1BF212A709F00ED6A0A /* ioapi_buf.c */; };
		E35CF1DA212A70A000ED6A0A /* ioapi_mem.c in Sources */ = {isa = PBXBuildFile; fileRef = E35CF1C1212A709F00ED6A0A /* ioapi_mem.c */; };
		E35CF1DB212A70A000ED6A0A /* minishared.c in Sources */ = {isa = PBXBuildFile; fileRef = E35CF1C3212A709F00ED6A0A /* minishared.c */; };
		E35CF1DC212A70A000ED6A0A /* unzip.c in Sources */ = {isa = PBXBuildFile; fileRef = E35CF1C5212A709F00ED6A0A /* unzip.c */; };
		E35CF1DD212A70A000ED6A0A /* zip.c in Sources */ = {isa = PBXBuildFile; fileRef = E35CF1C7212A709F00ED6A0A /* zip.c */; };
		E35CF1DE212A70A000ED6A0A /* SSZipArchive.m in Sources */ = {isa = PBXBuildFile; fileRef = E35CF1CA212A709F00ED6A0A /* SSZipArchive.m */; };
		E3F9225721265D2800319FAD /* BuglyHotfix.framework in Frameworks */ = {isa = PBXBuildFile; fileRef = E3F9225621265D2700319FAD /* BuglyHotfix.framework */; };
		E3F9225921265D3C00319FAD /* SystemConfiguration.framework in Frameworks */ = {isa = PBXBuildFile; fileRef = E3F9225821265D3C00319FAD /* SystemConfiguration.framework */; };
		E3F9225B21265D4400319FAD /* Security.framework in Frameworks */ = {isa = PBXBuildFile; fileRef = E3F9225A21265D4400319FAD /* Security.framework */; };
		E3F9225D21265D4B00319FAD /* libz.tbd in Frameworks */ = {isa = PBXBuildFile; fileRef = E3F9225C21265D4B00319FAD /* libz.tbd */; };
		E3F9225F21265D5500319FAD /* libc++.tbd in Frameworks */ = {isa = PBXBuildFile; fileRef = E3F9225E21265D5500319FAD /* libc++.tbd */; };
		E3F9226921265F9300319FAD /* JPEngine.m in Sources */ = {isa = PBXBuildFile; fileRef = E3F9226721265F9200319FAD /* JPEngine.m */; };
		E3F9226A21265F9300319FAD /* JSPatch.js in Resources */ = {isa = PBXBuildFile; fileRef = E3F9226821265F9200319FAD /* JSPatch.js */; };
		E3F9227021265FA400319FAD /* confuse.sh in Resources */ = {isa = PBXBuildFile; fileRef = E3F9226D21265FA300319FAD /* confuse.sh */; };
		E3F9227121265FA400319FAD /* func.list in Resources */ = {isa = PBXBuildFile; fileRef = E3F9226E21265FA400319FAD /* func.list */; };
/* End PBXBuildFile section */

/* Begin PBXFileReference section */
		E334E0D02123C7E0000EB8F5 /* wwec.app */ = {isa = PBXFileReference; explicitFileType = wrapper.application; includeInIndex = 0; path = wwec.app; sourceTree = BUILT_PRODUCTS_DIR; };
		E334E0D32123C7E0000EB8F5 /* AppDelegate.h */ = {isa = PBXFileReference; lastKnownFileType = sourcecode.c.h; path = AppDelegate.h; sourceTree = "<group>"; };
		E334E0D42123C7E0000EB8F5 /* AppDelegate.m */ = {isa = PBXFileReference; lastKnownFileType = sourcecode.c.objc; path = AppDelegate.m; sourceTree = "<group>"; };
		E334E0D62123C7E0000EB8F5 /* ViewController.h */ = {isa = PBXFileReference; lastKnownFileType = sourcecode.c.h; path = ViewController.h; sourceTree = "<group>"; };
		E334E0D72123C7E0000EB8F5 /* ViewController.m */ = {isa = PBXFileReference; lastKnownFileType = sourcecode.c.objc; path = ViewController.m; sourceTree = "<group>"; };
		E334E0DA2123C7E0000EB8F5 /* Base */ = {isa = PBXFileReference; lastKnownFileType = file.storyboard; name = Base; path = Base.lproj/Main.storyboard; sourceTree = "<group>"; };
		E334E0DD2123C7E0000EB8F5 /* wwec.xcdatamodel */ = {isa = PBXFileReference; lastKnownFileType = wrapper.xcdatamodel; path = wwec.xcdatamodel; sourceTree = "<group>"; };
		E334E0DF2123C7E7000EB8F5 /* Assets.xcassets */ = {isa = PBXFileReference; lastKnownFileType = folder.assetcatalog; path = Assets.xcassets; sourceTree = "<group>"; };
		E334E0E22123C7E7000EB8F5 /* Base */ = {isa = PBXFileReference; lastKnownFileType = file.storyboard; name = Base; path = Base.lproj/LaunchScreen.storyboard; sourceTree = "<group>"; };
		E334E0E42123C7E7000EB8F5 /* Info.plist */ = {isa = PBXFileReference; lastKnownFileType = text.plist.xml; path = Info.plist; sourceTree = "<group>"; };
		E334E0E52123C7E7000EB8F5 /* main.m */ = {isa = PBXFileReference; lastKnownFileType = sourcecode.c.objc; path = main.m; sourceTree = "<group>"; };
		E334E0EE2123CBB7000EB8F5 /* web */ = {isa = PBXFileReference; lastKnownFileType = folder; name = web; path = ../../../web; sourceTree = "<group>"; };
		E3380DC721257AD900725C28 /* SWQRCode.h */ = {isa = PBXFileReference; fileEncoding = 4; lastKnownFileType = sourcecode.c.h; path = SWQRCode.h; sourceTree = "<group>"; };
		E3380DC821257AD900725C28 /* SWQRCodeConfig.h */ = {isa = PBXFileReference; fileEncoding = 4; lastKnownFileType = sourcecode.c.h; path = SWQRCodeConfig.h; sourceTree = "<group>"; };
		E3380DC921257AD900725C28 /* SWQRCodeConfig.m */ = {isa = PBXFileReference; fileEncoding = 4; lastKnownFileType = sourcecode.c.objc; path = SWQRCodeConfig.m; sourceTree = "<group>"; };
		E3380DCA21257AD900725C28 /* SWQRCodeManager.h */ = {isa = PBXFileReference; fileEncoding = 4; lastKnownFileType = sourcecode.c.h; path = SWQRCodeManager.h; sourceTree = "<group>"; };
		E3380DCB21257AD900725C28 /* SWQRCodeManager.m */ = {isa = PBXFileReference; fileEncoding = 4; lastKnownFileType = sourcecode.c.objc; path = SWQRCodeManager.m; sourceTree = "<group>"; };
		E3380DCC21257AD900725C28 /* SWQRCode.bundle */ = {isa = PBXFileReference; lastKnownFileType = "wrapper.plug-in"; path = SWQRCode.bundle; sourceTree = "<group>"; };
		E3380DCD21257AD900725C28 /* SWQRCodeViewController.h */ = {isa = PBXFileReference; fileEncoding = 4; lastKnownFileType = sourcecode.c.h; path = SWQRCodeViewController.h; sourceTree = "<group>"; };
		E3380DCE21257AD900725C28 /* SWQRCodeViewController.m */ = {isa = PBXFileReference; fileEncoding = 4; lastKnownFileType = sourcecode.c.objc; path = SWQRCodeViewController.m; sourceTree = "<group>"; };
		E3380DD021257AD900725C28 /* SWScannerView.h */ = {isa = PBXFileReference; fileEncoding = 4; lastKnownFileType = sourcecode.c.h; path = SWScannerView.h; sourceTree = "<group>"; };
		E3380DD121257AD900725C28 /* SWScannerView.m */ = {isa = PBXFileReference; fileEncoding = 4; lastKnownFileType = sourcecode.c.objc; path = SWScannerView.m; sourceTree = "<group>"; };
		E344EDC721250F8600672F9A /* CoreTelephony.framework */ = {isa = PBXFileReference; lastKnownFileType = wrapper.framework; name = CoreTelephony.framework; path = System/Library/Frameworks/CoreTelephony.framework; sourceTree = SDKROOT; };
		E344EDC92125103F00672F9A /* Photos.framework */ = {isa = PBXFileReference; lastKnownFileType = wrapper.framework; name = Photos.framework; path = System/Library/Frameworks/Photos.framework; sourceTree = SDKROOT; };
		E35CF17F212A6E9100ED6A0A /* Device.h */ = {isa = PBXFileReference; fileEncoding = 4; lastKnownFileType = sourcecode.c.h; path = Device.h; sourceTree = "<group>"; };
		E35CF180212A6E9100ED6A0A /* Device.m */ = {isa = PBXFileReference; fileEncoding = 4; lastKnownFileType = sourcecode.c.objc; path = Device.m; sourceTree = "<group>"; };
		E35CF181212A6E9100ED6A0A /* DownLoad.h */ = {isa = PBXFileReference; fileEncoding = 4; lastKnownFileType = sourcecode.c.h; path = DownLoad.h; sourceTree = "<group>"; };
		E35CF182212A6E9100ED6A0A /* DownLoad.m */ = {isa = PBXFileReference; fileEncoding = 4; lastKnownFileType = sourcecode.c.objc; path = DownLoad.m; sourceTree = "<group>"; };
		E35CF183212A6E9100ED6A0A /* FileUtil.h */ = {isa = PBXFileReference; fileEncoding = 4; lastKnownFileType = sourcecode.c.h; path = FileUtil.h; sourceTree = "<group>"; };
		E35CF184212A6E9100ED6A0A /* FileUtil.m */ = {isa = PBXFileReference; fileEncoding = 4; lastKnownFileType = sourcecode.c.objc; path = FileUtil.m; sourceTree = "<group>"; };
		E35CF185212A6E9100ED6A0A /* Util.h */ = {isa = PBXFileReference; fileEncoding = 4; lastKnownFileType = sourcecode.c.h; path = Util.h; sourceTree = "<group>"; };
		E35CF186212A6E9100ED6A0A /* Util.m */ = {isa = PBXFileReference; fileEncoding = 4; lastKnownFileType = sourcecode.c.objc; path = Util.m; sourceTree = "<group>"; };
		E35CF1A4212A709F00ED6A0A /* Info.plist */ = {isa = PBXFileReference; fileEncoding = 4; lastKnownFileType = text.plist.xml; path = Info.plist; sourceTree = "<group>"; };
		E35CF1A7212A709F00ED6A0A /* aes.h */ = {isa = PBXFileReference; fileEncoding = 4; lastKnownFileType = sourcecode.c.h; path = aes.h; sourceTree = "<group>"; };
		E35CF1A8212A709F00ED6A0A /* aes_ni.c */ = {isa = PBXFileReference; fileEncoding = 4; lastKnownFileType = sourcecode.c.c; path = aes_ni.c; sourceTree = "<group>"; };
		E35CF1A9212A709F00ED6A0A /* aes_ni.h */ = {isa = PBXFileReference; fileEncoding = 4; lastKnownFileType = sourcecode.c.h; path = aes_ni.h; sourceTree = "<group>"; };
		E35CF1AA212A709F00ED6A0A /* aescrypt.c */ = {isa = PBXFileReference; fileEncoding = 4; lastKnownFileType = sourcecode.c.c; path = aescrypt.c; sourceTree = "<group>"; };
		E35CF1AB212A709F00ED6A0A /* aeskey.c */ = {isa = PBXFileReference; fileEncoding = 4; lastKnownFileType = sourcecode.c.c; path = aeskey.c; sourceTree = "<group>"; };
		E35CF1AC212A709F00ED6A0A /* aesopt.h */ = {isa = PBXFileReference; fileEncoding = 4; lastKnownFileType = sourcecode.c.h; path = aesopt.h; sourceTree = "<group>"; };
		E35CF1AD212A709F00ED6A0A /* aestab.c */ = {isa = PBXFileReference; fileEncoding = 4; lastKnownFileType = sourcecode.c.c; path = aestab.c; sourceTree = "<group>"; };
		E35CF1AE212A709F00ED6A0A /* aestab.h */ = {isa = PBXFileReference; fileEncoding = 4; lastKnownFileType = sourcecode.c.h; path = aestab.h; sourceTree = "<group>"; };
		E35CF1AF212A709F00ED6A0A /* brg_endian.h */ = {isa = PBXFileReference; fileEncoding = 4; lastKnownFileType = sourcecode.c.h; path = brg_endian.h; sourceTree = "<group>"; };
		E35CF1B0212A709F00ED6A0A /* brg_types.h */ = {isa = PBXFileReference; fileEncoding = 4; lastKnownFileType = sourcecode.c.h; path = brg_types.h; sourceTree = "<group>"; };
		E35CF1B1212A709F00ED6A0A /* fileenc.c */ = {isa = PBXFileReference; fileEncoding = 4; lastKnownFileType = sourcecode.c.c; path = fileenc.c; sourceTree = "<group>"; };
		E35CF1B2212A709F00ED6A0A /* fileenc.h */ = {isa = PBXFileReference; fileEncoding = 4; lastKnownFileType = sourcecode.c.h; path = fileenc.h; sourceTree = "<group>"; };
		E35CF1B3212A709F00ED6A0A /* hmac.c */ = {isa = PBXFileReference; fileEncoding = 4; lastKnownFileType = sourcecode.c.c; path = hmac.c; sourceTree = "<group>"; };
		E35CF1B4212A709F00ED6A0A /* hmac.h */ = {isa = PBXFileReference; fileEncoding = 4; lastKnownFileType = sourcecode.c.h; path = hmac.h; sourceTree = "<group>"; };
		E35CF1B5212A709F00ED6A0A /* prng.c */ = {isa = PBXFileReference; fileEncoding = 4; lastKnownFileType = sourcecode.c.c; path = prng.c; sourceTree = "<group>"; };
		E35CF1B6212A709F00ED6A0A /* prng.h */ = {isa = PBXFileReference; fileEncoding = 4; lastKnownFileType = sourcecode.c.h; path = prng.h; sourceTree = "<group>"; };
		E35CF1B7212A709F00ED6A0A /* pwd2key.c */ = {isa = PBXFileReference; fileEncoding = 4; lastKnownFileType = sourcecode.c.c; path = pwd2key.c; sourceTree = "<group>"; };
		E35CF1B8212A709F00ED6A0A /* pwd2key.h */ = {isa = PBXFileReference; fileEncoding = 4; lastKnownFileType = sourcecode.c.h; path = pwd2key.h; sourceTree = "<group>"; };
		E35CF1B9212A709F00ED6A0A /* sha1.c */ = {isa = PBXFileReference; fileEncoding = 4; lastKnownFileType = sourcecode.c.c; path = sha1.c; sourceTree = "<group>"; };
		E35CF1BA212A709F00ED6A0A /* sha1.h */ = {isa = PBXFileReference; fileEncoding = 4; lastKnownFileType = sourcecode.c.h; path = sha1.h; sourceTree = "<group>"; };
		E35CF1BB212A709F00ED6A0A /* crypt.c */ = {isa = PBXFileReference; fileEncoding = 4; lastKnownFileType = sourcecode.c.c; path = crypt.c; sourceTree = "<group>"; };
		E35CF1BC212A709F00ED6A0A /* crypt.h */ = {isa = PBXFileReference; fileEncoding = 4; lastKnownFileType = sourcecode.c.h; path = crypt.h; sourceTree = "<group>"; };
		E35CF1BD212A709F00ED6A0A /* ioapi.c */ = {isa = PBXFileReference; fileEncoding = 4; lastKnownFileType = sourcecode.c.c; path = ioapi.c; sourceTree = "<group>"; };
		E35CF1BE212A709F00ED6A0A /* ioapi.h */ = {isa = PBXFileReference; fileEncoding = 4; lastKnownFileType = sourcecode.c.h; path = ioapi.h; sourceTree = "<group>"; };
		E35CF1BF212A709F00ED6A0A /* ioapi_buf.c */ = {isa = PBXFileReference; fileEncoding = 4; lastKnownFileType = sourcecode.c.c; path = ioapi_buf.c; sourceTree = "<group>"; };
		E35CF1C0212A709F00ED6A0A /* ioapi_buf.h */ = {isa = PBXFileReference; fileEncoding = 4; lastKnownFileType = sourcecode.c.h; path = ioapi_buf.h; sourceTree = "<group>"; };
		E35CF1C1212A709F00ED6A0A /* ioapi_mem.c */ = {isa = PBXFileReference; fileEncoding = 4; lastKnownFileType = sourcecode.c.c; path = ioapi_mem.c; sourceTree = "<group>"; };
		E35CF1C2212A709F00ED6A0A /* ioapi_mem.h */ = {isa = PBXFileReference; fileEncoding = 4; lastKnownFileType = sourcecode.c.h; path = ioapi_mem.h; sourceTree = "<group>"; };
		E35CF1C3212A709F00ED6A0A /* minishared.c */ = {isa = PBXFileReference; fileEncoding = 4; lastKnownFileType = sourcecode.c.c; path = minishared.c; sourceTree = "<group>"; };
		E35CF1C4212A709F00ED6A0A /* minishared.h */ = {isa = PBXFileReference; fileEncoding = 4; lastKnownFileType = sourcecode.c.h; path = minishared.h; sourceTree = "<group>"; };
		E35CF1C5212A709F00ED6A0A /* unzip.c */ = {isa = PBXFileReference; fileEncoding = 4; lastKnownFileType = sourcecode.c.c; path = unzip.c; sourceTree = "<group>"; };
		E35CF1C6212A709F00ED6A0A /* unzip.h */ = {isa = PBXFileReference; fileEncoding = 4; lastKnownFileType = sourcecode.c.h; path = unzip.h; sourceTree = "<group>"; };
		E35CF1C7212A709F00ED6A0A /* zip.c */ = {isa = PBXFileReference; fileEncoding = 4; lastKnownFileType = sourcecode.c.c; path = zip.c; sourceTree = "<group>"; };
		E35CF1C8212A709F00ED6A0A /* zip.h */ = {isa = PBXFileReference; fileEncoding = 4; lastKnownFileType = sourcecode.c.h; path = zip.h; sourceTree = "<group>"; };
		E35CF1C9212A709F00ED6A0A /* SSZipArchive.h */ = {isa = PBXFileReference; fileEncoding = 4; lastKnownFileType = sourcecode.c.h; path = SSZipArchive.h; sourceTree = "<group>"; };
		E35CF1CA212A709F00ED6A0A /* SSZipArchive.m */ = {isa = PBXFileReference; fileEncoding = 4; lastKnownFileType = sourcecode.c.objc; path = SSZipArchive.m; sourceTree = "<group>"; };
		E35CF1CB212A709F00ED6A0A /* SSZipCommon.h */ = {isa = PBXFileReference; fileEncoding = 4; lastKnownFileType = sourcecode.c.h; path = SSZipCommon.h; sourceTree = "<group>"; };
		E35CF1CC212A709F00ED6A0A /* ZipArchive.h */ = {isa = PBXFileReference; fileEncoding = 4; lastKnownFileType = sourcecode.c.h; path = ZipArchive.h; sourceTree = "<group>"; };
		E3F9225621265D2700319FAD /* BuglyHotfix.framework */ = {isa = PBXFileReference; lastKnownFileType = wrapper.framework; path = BuglyHotfix.framework; sourceTree = "<group>"; };
		E3F9225821265D3C00319FAD /* SystemConfiguration.framework */ = {isa = PBXFileReference; lastKnownFileType = wrapper.framework; name = SystemConfiguration.framework; path = System/Library/Frameworks/SystemConfiguration.framework; sourceTree = SDKROOT; };
		E3F9225A21265D4400319FAD /* Security.framework */ = {isa = PBXFileReference; lastKnownFileType = wrapper.framework; name = Security.framework; path = System/Library/Frameworks/Security.framework; sourceTree = SDKROOT; };
		E3F9225C21265D4B00319FAD /* libz.tbd */ = {isa = PBXFileReference; lastKnownFileType = "sourcecode.text-based-dylib-definition"; name = libz.tbd; path = usr/lib/libz.tbd; sourceTree = SDKROOT; };
		E3F9225E21265D5500319FAD /* libc++.tbd */ = {isa = PBXFileReference; lastKnownFileType = "sourcecode.text-based-dylib-definition"; name = "libc++.tbd"; path = "usr/lib/libc++.tbd"; sourceTree = SDKROOT; };
		E3F9226621265F9200319FAD /* JPEngine.h */ = {isa = PBXFileReference; fileEncoding = 4; lastKnownFileType = sourcecode.c.h; path = JPEngine.h; sourceTree = "<group>"; };
		E3F9226721265F9200319FAD /* JPEngine.m */ = {isa = PBXFileReference; fileEncoding = 4; lastKnownFileType = sourcecode.c.objc; path = JPEngine.m; sourceTree = "<group>"; };
		E3F9226821265F9200319FAD /* JSPatch.js */ = {isa = PBXFileReference; fileEncoding = 4; lastKnownFileType = sourcecode.javascript; path = JSPatch.js; sourceTree = "<group>"; };
		E3F9226C21265FA300319FAD /* codeObfuscation.h */ = {isa = PBXFileReference; fileEncoding = 4; lastKnownFileType = sourcecode.c.h; path = codeObfuscation.h; sourceTree = "<group>"; };
		E3F9226D21265FA300319FAD /* confuse.sh */ = {isa = PBXFileReference; fileEncoding = 4; lastKnownFileType = text.script.sh; path = confuse.sh; sourceTree = "<group>"; };
		E3F9226E21265FA400319FAD /* func.list */ = {isa = PBXFileReference; fileEncoding = 4; lastKnownFileType = text; path = func.list; sourceTree = "<group>"; };
		E3F9226F21265FA400319FAD /* PrefixHeader.pch */ = {isa = PBXFileReference; fileEncoding = 4; lastKnownFileType = sourcecode.c.h; path = PrefixHeader.pch; sourceTree = "<group>"; };
		E3F922722126605800319FAD /* BuglyHotfixConfuse_pch.h */ = {isa = PBXFileReference; fileEncoding = 4; lastKnownFileType = sourcecode.c.h; path = BuglyHotfixConfuse_pch.h; sourceTree = "<group>"; };
/* End PBXFileReference section */

/* Begin PBXFrameworksBuildPhase section */
		E334E0CD2123C7E0000EB8F5 /* Frameworks */ = {
			isa = PBXFrameworksBuildPhase;
			buildActionMask = 2147483647;
			files = (
				E3F9225F21265D5500319FAD /* libc++.tbd in Frameworks */,
				E3F9225D21265D4B00319FAD /* libz.tbd in Frameworks */,
				E3F9225B21265D4400319FAD /* Security.framework in Frameworks */,
				E3F9225921265D3C00319FAD /* SystemConfiguration.framework in Frameworks */,
				E3F9225721265D2800319FAD /* BuglyHotfix.framework in Frameworks */,
				E344EDCA2125103F00672F9A /* Photos.framework in Frameworks */,
			);
			runOnlyForDeploymentPostprocessing = 0;
		};
/* End PBXFrameworksBuildPhase section */

/* Begin PBXGroup section */
		E334E0C72123C7E0000EB8F5 = {
			isa = PBXGroup;
			children = (
				E334E0EE2123CBB7000EB8F5 /* web */,
				E35CF1A3212A709F00ED6A0A /* SSZipArchive */,
				E3F9226B21265FA300319FAD /* Resource */,
				E3F9226521265F9200319FAD /* JSPatch */,
				E3380DC521257AD900725C28 /* SWQRCode */,
				E334E0D22123C7E0000EB8F5 /* wwec */,
				E334E0D12123C7E0000EB8F5 /* Products */,
				E344EDC621250F8500672F9A /* Frameworks */,
			);
			sourceTree = "<group>";
		};
		E334E0D12123C7E0000EB8F5 /* Products */ = {
			isa = PBXGroup;
			children = (
				E334E0D02123C7E0000EB8F5 /* wwec.app */,
			);
			name = Products;
			sourceTree = "<group>";
		};
		E334E0D22123C7E0000EB8F5 /* wwec */ = {
			isa = PBXGroup;
			children = (
				E35CF17E212A6E9100ED6A0A /* util */,
				E334E0D32123C7E0000EB8F5 /* AppDelegate.h */,
				E334E0D42123C7E0000EB8F5 /* AppDelegate.m */,
				E334E0D62123C7E0000EB8F5 /* ViewController.h */,
				E334E0D72123C7E0000EB8F5 /* ViewController.m */,
				E334E0D92123C7E0000EB8F5 /* Main.storyboard */,
				E334E0DF2123C7E7000EB8F5 /* Assets.xcassets */,
				E334E0E12123C7E7000EB8F5 /* LaunchScreen.storyboard */,
				E334E0E42123C7E7000EB8F5 /* Info.plist */,
				E334E0E52123C7E7000EB8F5 /* main.m */,
				E334E0DC2123C7E0000EB8F5 /* wwec.xcdatamodeld */,
			);
			path = wwec;
			sourceTree = "<group>";
		};
		E3380DC521257AD900725C28 /* SWQRCode */ = {
			isa = PBXGroup;
			children = (
				E3380DC621257AD900725C28 /* Config */,
				E3380DCC21257AD900725C28 /* SWQRCode.bundle */,
				E3380DCD21257AD900725C28 /* SWQRCodeViewController.h */,
				E3380DCE21257AD900725C28 /* SWQRCodeViewController.m */,
				E3380DCF21257AD900725C28 /* View */,
			);
			path = SWQRCode;
			sourceTree = "<group>";
		};
		E3380DC621257AD900725C28 /* Config */ = {
			isa = PBXGroup;
			children = (
				E3380DC721257AD900725C28 /* SWQRCode.h */,
				E3380DC821257AD900725C28 /* SWQRCodeConfig.h */,
				E3380DC921257AD900725C28 /* SWQRCodeConfig.m */,
				E3380DCA21257AD900725C28 /* SWQRCodeManager.h */,
				E3380DCB21257AD900725C28 /* SWQRCodeManager.m */,
			);
			path = Config;
			sourceTree = "<group>";
		};
		E3380DCF21257AD900725C28 /* View */ = {
			isa = PBXGroup;
			children = (
				E3380DD021257AD900725C28 /* SWScannerView.h */,
				E3380DD121257AD900725C28 /* SWScannerView.m */,
			);
			path = View;
			sourceTree = "<group>";
		};
		E344EDC621250F8500672F9A /* Frameworks */ = {
			isa = PBXGroup;
			children = (
				E3F9225E21265D5500319FAD /* libc++.tbd */,
				E3F9225C21265D4B00319FAD /* libz.tbd */,
				E3F9225A21265D4400319FAD /* Security.framework */,
				E3F9225821265D3C00319FAD /* SystemConfiguration.framework */,
				E3F9225621265D2700319FAD /* BuglyHotfix.framework */,
				E344EDC92125103F00672F9A /* Photos.framework */,
				E344EDC721250F8600672F9A /* CoreTelephony.framework */,
			);
			name = Frameworks;
			sourceTree = "<group>";
		};
		E35CF17E212A6E9100ED6A0A /* util */ = {
			isa = PBXGroup;
			children = (
				E35CF17F212A6E9100ED6A0A /* Device.h */,
				E35CF180212A6E9100ED6A0A /* Device.m */,
				E35CF181212A6E9100ED6A0A /* DownLoad.h */,
				E35CF182212A6E9100ED6A0A /* DownLoad.m */,
				E35CF183212A6E9100ED6A0A /* FileUtil.h */,
				E35CF184212A6E9100ED6A0A /* FileUtil.m */,
				E35CF185212A6E9100ED6A0A /* Util.h */,
				E35CF186212A6E9100ED6A0A /* Util.m */,
			);
			path = util;
			sourceTree = "<group>";
		};
		E35CF1A3212A709F00ED6A0A /* SSZipArchive */ = {
			isa = PBXGroup;
			children = (
				E35CF1A4212A709F00ED6A0A /* Info.plist */,
				E35CF1A5212A709F00ED6A0A /* minizip */,
				E35CF1C9212A709F00ED6A0A /* SSZipArchive.h */,
				E35CF1CA212A709F00ED6A0A /* SSZipArchive.m */,
				E35CF1CB212A709F00ED6A0A /* SSZipCommon.h */,
				E35CF1CC212A709F00ED6A0A /* ZipArchive.h */,
			);
			name = SSZipArchive;
			path = "../../../../Downloads/ZipArchive-2.1.3/SSZipArchive";
			sourceTree = "<group>";
		};
		E35CF1A5212A709F00ED6A0A /* minizip */ = {
			isa = PBXGroup;
			children = (
				E35CF1A6212A709F00ED6A0A /* aes */,
				E35CF1BB212A709F00ED6A0A /* crypt.c */,
				E35CF1BC212A709F00ED6A0A /* crypt.h */,
				E35CF1BD212A709F00ED6A0A /* ioapi.c */,
				E35CF1BE212A709F00ED6A0A /* ioapi.h */,
				E35CF1BF212A709F00ED6A0A /* ioapi_buf.c */,
				E35CF1C0212A709F00ED6A0A /* ioapi_buf.h */,
				E35CF1C1212A709F00ED6A0A /* ioapi_mem.c */,
				E35CF1C2212A709F00ED6A0A /* ioapi_mem.h */,
				E35CF1C3212A709F00ED6A0A /* minishared.c */,
				E35CF1C4212A709F00ED6A0A /* minishared.h */,
				E35CF1C5212A709F00ED6A0A /* unzip.c */,
				E35CF1C6212A709F00ED6A0A /* unzip.h */,
				E35CF1C7212A709F00ED6A0A /* zip.c */,
				E35CF1C8212A709F00ED6A0A /* zip.h */,
			);
			path = minizip;
			sourceTree = "<group>";
		};
		E35CF1A6212A709F00ED6A0A /* aes */ = {
			isa = PBXGroup;
			children = (
				E35CF1A7212A709F00ED6A0A /* aes.h */,
				E35CF1A8212A709F00ED6A0A /* aes_ni.c */,
				E35CF1A9212A709F00ED6A0A /* aes_ni.h */,
				E35CF1AA212A709F00ED6A0A /* aescrypt.c */,
				E35CF1AB212A709F00ED6A0A /* aeskey.c */,
				E35CF1AC212A709F00ED6A0A /* aesopt.h */,
				E35CF1AD212A709F00ED6A0A /* aestab.c */,
				E35CF1AE212A709F00ED6A0A /* aestab.h */,
				E35CF1AF212A709F00ED6A0A /* brg_endian.h */,
				E35CF1B0212A709F00ED6A0A /* brg_types.h */,
				E35CF1B1212A709F00ED6A0A /* fileenc.c */,
				E35CF1B2212A709F00ED6A0A /* fileenc.h */,
				E35CF1B3212A709F00ED6A0A /* hmac.c */,
				E35CF1B4212A709F00ED6A0A /* hmac.h */,
				E35CF1B5212A709F00ED6A0A /* prng.c */,
				E35CF1B6212A709F00ED6A0A /* prng.h */,
				E35CF1B7212A709F00ED6A0A /* pwd2key.c */,
				E35CF1B8212A709F00ED6A0A /* pwd2key.h */,
				E35CF1B9212A709F00ED6A0A /* sha1.c */,
				E35CF1BA212A709F00ED6A0A /* sha1.h */,
			);
			path = aes;
			sourceTree = "<group>";
		};
		E3F9226521265F9200319FAD /* JSPatch */ = {
			isa = PBXGroup;
			children = (
				E3F9226621265F9200319FAD /* JPEngine.h */,
				E3F9226721265F9200319FAD /* JPEngine.m */,
				E3F9226821265F9200319FAD /* JSPatch.js */,
			);
			path = JSPatch;
			sourceTree = "<group>";
		};
		E3F9226B21265FA300319FAD /* Resource */ = {
			isa = PBXGroup;
			children = (
				E3F922722126605800319FAD /* BuglyHotfixConfuse_pch.h */,
				E3F9226C21265FA300319FAD /* codeObfuscation.h */,
				E3F9226D21265FA300319FAD /* confuse.sh */,
				E3F9226E21265FA400319FAD /* func.list */,
				E3F9226F21265FA400319FAD /* PrefixHeader.pch */,
			);
			path = Resource;
			sourceTree = "<group>";
		};
/* End PBXGroup section */

/* Begin PBXNativeTarget section */
		E334E0CF2123C7E0000EB8F5 /* wwec */ = {
			isa = PBXNativeTarget;
			buildConfigurationList = E334E0E92123C7E7000EB8F5 /* Build configuration list for PBXNativeTarget "wwec" */;
			buildPhases = (
				E334E0CC2123C7E0000EB8F5 /* Sources */,
				E334E0CD2123C7E0000EB8F5 /* Frameworks */,
				E334E0CE2123C7E0000EB8F5 /* Resources */,
			);
			buildRules = (
			);
			dependencies = (
			);
			name = wwec;
			productName = wwec;
			productReference = E334E0D02123C7E0000EB8F5 /* wwec.app */;
			productType = "com.apple.product-type.application";
		};
/* End PBXNativeTarget section */

/* Begin PBXProject section */
		E334E0C82123C7E0000EB8F5 /* Project object */ = {
			isa = PBXProject;
			attributes = {
				LastUpgradeCheck = 0940;
				ORGANIZATIONNAME = CQYH;
				TargetAttributes = {
					E334E0CF2123C7E0000EB8F5 = {
						CreatedOnToolsVersion = 9.4.1;
					};
				};
			};
			buildConfigurationList = E334E0CB2123C7E0000EB8F5 /* Build configuration list for PBXProject "wwec" */;
			compatibilityVersion = "Xcode 9.3";
			developmentRegion = en;
			hasScannedForEncodings = 0;
			knownRegions = (
				en,
				Base,
			);
			mainGroup = E334E0C72123C7E0000EB8F5;
			productRefGroup = E334E0D12123C7E0000EB8F5 /* Products */;
			projectDirPath = "";
			projectRoot = "";
			targets = (
				E334E0CF2123C7E0000EB8F5 /* wwec */,
			);
		};
/* End PBXProject section */

/* Begin PBXResourcesBuildPhase section */
		E334E0CE2123C7E0000EB8F5 /* Resources */ = {
			isa = PBXResourcesBuildPhase;
			buildActionMask = 2147483647;
			files = (
				E3F9226A21265F9300319FAD /* JSPatch.js in Resources */,
				E3380DD421257AD900725C28 /* SWQRCode.bundle in Resources */,
				E35CF1CD212A70A000ED6A0A /* Info.plist in Resources */,
				E334E0E32123C7E7000EB8F5 /* LaunchScreen.storyboard in Resources */,
				E334E0EF2123CBB7000EB8F5 /* web in Resources */,
				E3F9227021265FA400319FAD /* confuse.sh in Resources */,
				E334E0E02123C7E7000EB8F5 /* Assets.xcassets in Resources */,
				E334E0DB2123C7E0000EB8F5 /* Main.storyboard in Resources */,
				E3F9227121265FA400319FAD /* func.list in Resources */,
			);
			runOnlyForDeploymentPostprocessing = 0;
		};
/* End PBXResourcesBuildPhase section */

/* Begin PBXSourcesBuildPhase section */
		E334E0CC2123C7E0000EB8F5 /* Sources */ = {
			isa = PBXSourcesBuildPhase;
			buildActionMask = 2147483647;
			files = (
				E35CF1CE212A70A000ED6A0A /* aes_ni.c in Sources */,
				E35CF1D7212A70A000ED6A0A /* crypt.c in Sources */,
				E35CF18A212A6E9100ED6A0A /* Util.m in Sources */,
				E3F9226921265F9300319FAD /* JPEngine.m in Sources */,
				E334E0D82123C7E0000EB8F5 /* ViewController.m in Sources */,
				E334E0DE2123C7E0000EB8F5 /* wwec.xcdatamodeld in Sources */,
				E35CF189212A6E9100ED6A0A /* FileUtil.m in Sources */,
				E35CF1DB212A70A000ED6A0A /* minishared.c in Sources */,
				E35CF1D6212A70A000ED6A0A /* sha1.c in Sources */,
				E35CF187212A6E9100ED6A0A /* Device.m in Sources */,
				E35CF1DD212A70A000ED6A0A /* zip.c in Sources */,
				E334E0E62123C7E7000EB8F5 /* main.m in Sources */,
				E35CF1D1212A70A000ED6A0A /* aestab.c in Sources */,
				E3380DD221257AD900725C28 /* SWQRCodeConfig.m in Sources */,
				E35CF1D4212A70A000ED6A0A /* prng.c in Sources */,
				E3380DD621257AD900725C28 /* SWScannerView.m in Sources */,
				E35CF188212A6E9100ED6A0A /* DownLoad.m in Sources */,
				E35CF1D3212A70A000ED6A0A /* hmac.c in Sources */,
				E35CF1DA212A70A000ED6A0A /* ioapi_mem.c in Sources */,
				E35CF1D2212A70A000ED6A0A /* fileenc.c in Sources */,
				E35CF1D0212A70A000ED6A0A /* aeskey.c in Sources */,
				E35CF1D8212A70A000ED6A0A /* ioapi.c in Sources */,
				E3380DD321257AD900725C28 /* SWQRCodeManager.m in Sources */,
				E35CF1DC212A70A000ED6A0A /* unzip.c in Sources */,
				E35CF1D9212A70A000ED6A0A /* ioapi_buf.c in Sources */,
				E334E0D52123C7E0000EB8F5 /* AppDelegate.m in Sources */,
				E35CF1DE212A70A000ED6A0A /* SSZipArchive.m in Sources */,
				E35CF1CF212A70A000ED6A0A /* aescrypt.c in Sources */,
				E35CF1D5212A70A000ED6A0A /* pwd2key.c in Sources */,
				E3380DD521257AD900725C28 /* SWQRCodeViewController.m in Sources */,
			);
			runOnlyForDeploymentPostprocessing = 0;
		};
/* End PBXSourcesBuildPhase section */

/* Begin PBXVariantGroup section */
		E334E0D92123C7E0000EB8F5 /* Main.storyboard */ = {
			isa = PBXVariantGroup;
			children = (
				E334E0DA2123C7E0000EB8F5 /* Base */,
			);
			name = Main.storyboard;
			sourceTree = "<group>";
		};
		E334E0E12123C7E7000EB8F5 /* LaunchScreen.storyboard */ = {
			isa = PBXVariantGroup;
			children = (
				E334E0E22123C7E7000EB8F5 /* Base */,
			);
			name = LaunchScreen.storyboard;
			sourceTree = "<group>";
		};
/* End PBXVariantGroup section */

/* Begin XCBuildConfiguration section */
		E334E0E72123C7E7000EB8F5 /* Debug */ = {
			isa = XCBuildConfiguration;
			buildSettings = {
				ALWAYS_SEARCH_USER_PATHS = NO;
				CLANG_ANALYZER_NONNULL = YES;
				CLANG_ANALYZER_NUMBER_OBJECT_CONVERSION = YES_AGGRESSIVE;
				CLANG_CXX_LANGUAGE_STANDARD = "gnu++14";
				CLANG_CXX_LIBRARY = "libc++";
				CLANG_ENABLE_MODULES = YES;
				CLANG_ENABLE_OBJC_ARC = YES;
				CLANG_ENABLE_OBJC_WEAK = YES;
				CLANG_WARN_BLOCK_CAPTURE_AUTORELEASING = YES;
				CLANG_WARN_BOOL_CONVERSION = YES;
				CLANG_WARN_COMMA = YES;
				CLANG_WARN_CONSTANT_CONVERSION = YES;
				CLANG_WARN_DEPRECATED_OBJC_IMPLEMENTATIONS = YES;
				CLANG_WARN_DIRECT_OBJC_ISA_USAGE = YES_ERROR;
				CLANG_WARN_DOCUMENTATION_COMMENTS = YES;
				CLANG_WARN_EMPTY_BODY = YES;
				CLANG_WARN_ENUM_CONVERSION = YES;
				CLANG_WARN_INFINITE_RECURSION = YES;
				CLANG_WARN_INT_CONVERSION = YES;
				CLANG_WARN_NON_LITERAL_NULL_CONVERSION = YES;
				CLANG_WARN_OBJC_IMPLICIT_RETAIN_SELF = YES;
				CLANG_WARN_OBJC_LITERAL_CONVERSION = YES;
				CLANG_WARN_OBJC_ROOT_CLASS = YES_ERROR;
				CLANG_WARN_RANGE_LOOP_ANALYSIS = YES;
				CLANG_WARN_STRICT_PROTOTYPES = YES;
				CLANG_WARN_SUSPICIOUS_MOVE = YES;
				CLANG_WARN_UNGUARDED_AVAILABILITY = YES_AGGRESSIVE;
				CLANG_WARN_UNREACHABLE_CODE = YES;
				CLANG_WARN__DUPLICATE_METHOD_MATCH = YES;
				CODE_SIGN_IDENTITY = "iPhone Developer";
				COPY_PHASE_STRIP = NO;
				DEBUG_INFORMATION_FORMAT = dwarf;
				ENABLE_STRICT_OBJC_MSGSEND = YES;
				ENABLE_TESTABILITY = YES;
				GCC_C_LANGUAGE_STANDARD = gnu11;
				GCC_DYNAMIC_NO_PIC = NO;
				GCC_NO_COMMON_BLOCKS = YES;
				GCC_OPTIMIZATION_LEVEL = 0;
				GCC_PRECOMPILE_PREFIX_HEADER = YES;
				GCC_PREPROCESSOR_DEFINITIONS = (
					"DEBUG=1",
					"$(inherited)",
				);
				GCC_WARN_64_TO_32_BIT_CONVERSION = YES;
				GCC_WARN_ABOUT_RETURN_TYPE = YES_ERROR;
				GCC_WARN_UNDECLARED_SELECTOR = YES;
				GCC_WARN_UNINITIALIZED_AUTOS = YES_AGGRESSIVE;
				GCC_WARN_UNUSED_FUNCTION = YES;
				GCC_WARN_UNUSED_VARIABLE = YES;
				IPHONEOS_DEPLOYMENT_TARGET = 11.4;
				MTL_ENABLE_DEBUG_INFO = YES;
				ONLY_ACTIVE_ARCH = YES;
				SDKROOT = iphoneos;
			};
			name = Debug;
		};
		E334E0E82123C7E7000EB8F5 /* Release */ = {
			isa = XCBuildConfiguration;
			buildSettings = {
				ALWAYS_SEARCH_USER_PATHS = NO;
				CLANG_ANALYZER_NONNULL = YES;
				CLANG_ANALYZER_NUMBER_OBJECT_CONVERSION = YES_AGGRESSIVE;
				CLANG_CXX_LANGUAGE_STANDARD = "gnu++14";
				CLANG_CXX_LIBRARY = "libc++";
				CLANG_ENABLE_MODULES = YES;
				CLANG_ENABLE_OBJC_ARC = YES;
				CLANG_ENABLE_OBJC_WEAK = YES;
				CLANG_WARN_BLOCK_CAPTURE_AUTORELEASING = YES;
				CLANG_WARN_BOOL_CONVERSION = YES;
				CLANG_WARN_COMMA = YES;
				CLANG_WARN_CONSTANT_CONVERSION = YES;
				CLANG_WARN_DEPRECATED_OBJC_IMPLEMENTATIONS = YES;
				CLANG_WARN_DIRECT_OBJC_ISA_USAGE = YES_ERROR;
				CLANG_WARN_DOCUMENTATION_COMMENTS = YES;
				CLANG_WARN_EMPTY_BODY = YES;
				CLANG_WARN_ENUM_CONVERSION = YES;
				CLANG_WARN_INFINITE_RECURSION = YES;
				CLANG_WARN_INT_CONVERSION = YES;
				CLANG_WARN_NON_LITERAL_NULL_CONVERSION = YES;
				CLANG_WARN_OBJC_IMPLICIT_RETAIN_SELF = YES;
				CLANG_WARN_OBJC_LITERAL_CONVERSION = YES;
				CLANG_WARN_OBJC_ROOT_CLASS = YES_ERROR;
				CLANG_WARN_RANGE_LOOP_ANALYSIS = YES;
				CLANG_WARN_STRICT_PROTOTYPES = YES;
				CLANG_WARN_SUSPICIOUS_MOVE = YES;
				CLANG_WARN_UNGUARDED_AVAILABILITY = YES_AGGRESSIVE;
				CLANG_WARN_UNREACHABLE_CODE = YES;
				CLANG_WARN__DUPLICATE_METHOD_MATCH = YES;
				CODE_SIGN_IDENTITY = "iPhone Developer";
				COPY_PHASE_STRIP = NO;
				DEBUG_INFORMATION_FORMAT = "dwarf-with-dsym";
				ENABLE_NS_ASSERTIONS = NO;
				ENABLE_STRICT_OBJC_MSGSEND = YES;
				GCC_C_LANGUAGE_STANDARD = gnu11;
				GCC_NO_COMMON_BLOCKS = YES;
				GCC_PRECOMPILE_PREFIX_HEADER = YES;
				GCC_WARN_64_TO_32_BIT_CONVERSION = YES;
				GCC_WARN_ABOUT_RETURN_TYPE = YES_ERROR;
				GCC_WARN_UNDECLARED_SELECTOR = YES;
				GCC_WARN_UNINITIALIZED_AUTOS = YES_AGGRESSIVE;
				GCC_WARN_UNUSED_FUNCTION = YES;
				GCC_WARN_UNUSED_VARIABLE = YES;
				IPHONEOS_DEPLOYMENT_TARGET = 11.4;
				MTL_ENABLE_DEBUG_INFO = NO;
				SDKROOT = iphoneos;
				VALIDATE_PRODUCT = YES;
			};
			name = Release;
		};
		E334E0EA2123C7E7000EB8F5 /* Debug */ = {
			isa = XCBuildConfiguration;
			buildSettings = {
				ASSETCATALOG_COMPILER_APPICON_NAME = AppIcon;
				ASSETCATALOG_COMPILER_LAUNCHIMAGE_NAME = LaunchImage;
				CODE_SIGN_STYLE = Manual;
				DEVELOPMENT_TEAM = 2KKDR64RDR;
				FRAMEWORK_SEARCH_PATHS = (
					"$(inherited)",
					"$(PROJECT_DIR)",
				);
				GCC_PRECOMPILE_PREFIX_HEADER = YES;
				GCC_PREFIX_HEADER = $PROJECT_DIR/Resource/PrefixHeader.pch;
				INFOPLIST_FILE = wwec/Info.plist;
				IPHONEOS_DEPLOYMENT_TARGET = 8.0;
				LD_RUNPATH_SEARCH_PATHS = (
					"$(inherited)",
					"@executable_path/Frameworks",
				);
				PRODUCT_BUNDLE_IDENTIFIER = com.top.wwec.wallet;
				PRODUCT_NAME = "$(TARGET_NAME)";
				PROVISIONING_PROFILE = "1e262817-49ee-45d4-bed7-986695ab069b";
				PROVISIONING_PROFILE_SPECIFIER = "wanWeiWallet-Developer";
				TARGETED_DEVICE_FAMILY = "1,2";
			};
			name = Debug;
		};
		E334E0EB2123C7E7000EB8F5 /* Release */ = {
			isa = XCBuildConfiguration;
			buildSettings = {
				ASSETCATALOG_COMPILER_APPICON_NAME = AppIcon;
				ASSETCATALOG_COMPILER_LAUNCHIMAGE_NAME = LaunchImage;
				CODE_SIGN_IDENTITY = "iPhone Distribution";
				CODE_SIGN_STYLE = Manual;
				DEVELOPMENT_TEAM = 2KKDR64RDR;
				FRAMEWORK_SEARCH_PATHS = (
					"$(inherited)",
					"$(PROJECT_DIR)",
				);
				GCC_PRECOMPILE_PREFIX_HEADER = YES;
				GCC_PREFIX_HEADER = $PROJECT_DIR/Resource/PrefixHeader.pch;
				INFOPLIST_FILE = wwec/Info.plist;
				IPHONEOS_DEPLOYMENT_TARGET = 8.0;
				LD_RUNPATH_SEARCH_PATHS = (
					"$(inherited)",
					"@executable_path/Frameworks",
				);
				PRODUCT_BUNDLE_IDENTIFIER = com.top.wwec.wallet;
				PRODUCT_NAME = "$(TARGET_NAME)";
				PROVISIONING_PROFILE = "39023cac-71d5-4745-a30a-8055dfceb8f0";
				PROVISIONING_PROFILE_SPECIFIER = "wanWeiWllet-AdHoc";
				TARGETED_DEVICE_FAMILY = "1,2";
			};
			name = Release;
		};
/* End XCBuildConfiguration section */

/* Begin XCConfigurationList section */
		E334E0CB2123C7E0000EB8F5 /* Build configuration list for PBXProject "wwec" */ = {
			isa = XCConfigurationList;
			buildConfigurations = (
				E334E0E72123C7E7000EB8F5 /* Debug */,
				E334E0E82123C7E7000EB8F5 /* Release */,
			);
			defaultConfigurationIsVisible = 0;
			defaultConfigurationName = Release;
		};
		E334E0E92123C7E7000EB8F5 /* Build configuration list for PBXNativeTarget "wwec" */ = {
			isa = XCConfigurationList;
			buildConfigurations = (
				E334E0EA2123C7E7000EB8F5 /* Debug */,
				E334E0EB2123C7E7000EB8F5 /* Release */,
			);
			defaultConfigurationIsVisible = 0;
			defaultConfigurationName = Release;
		};
/* End XCConfigurationList section */

/* Begin XCVersionGroup section */
		E334E0DC2123C7E0000EB8F5 /* wwec.xcdatamodeld */ = {
			isa = XCVersionGroup;
			children = (
				E334E0DD2123C7E0000EB8F5 /* wwec.xcdatamodel */,
			);
			currentVersion = E334E0DD2123C7E0000EB8F5 /* wwec.xcdatamodel */;
			path = wwec.xcdatamodeld;
			sourceTree = "<group>";
			versionGroupType = wrapper.xcdatamodel;
		};
/* End XCVersionGroup section */
	};
	rootObject = E334E0C82123C7E0000EB8F5 /* Project object */;
}
